{
  "requires": true,
  "lockfileVersion": 1,
  "dependencies": {
    "eslint-plugin-react-hooks": {
      "version": "4.0.6",
      "resolved": "https://registry.npmjs.org/eslint-plugin-react-hooks/-/eslint-plugin-react-hooks-4.0.6.tgz",
      "integrity": "sha512-RDrsUR/BjwCECcWS+5bc7mWiU/M1IOizKt40Zuei5mn0Eydubiooh87aSCiZ/BGMSUF7P8AqyMEqQL0RsAihmw==",
      "dev": true
    }
  }
}
